
Microsoft Visual Studio Solution File, Format Version 12.00
# Visual Studio Version 17
VisualStudioVersion = 17.14.36301.6 d17.14
MinimumVisualStudioVersion = 10.0.40219.1
Project("{FAE04EC0-301F-11D3-BF4B-00C04F79EFBC}") = "Tutorial_1", "Tutorial_1.csproj", "{825F2A8E-0557-408A-B452-A98FD1DF1205}"
EndProject
Global
	GlobalSection(SolutionConfigurationPlatforms) = preSolution
		Debug|Any CPU = Debug|Any CPU
		Release|Any CPU = Release|Any CPU
	EndGlobalSection
	GlobalSection(ProjectConfigurationPlatforms) = postSolution
		{825F2A8E-0557-408A-B452-A98FD1DF1205}.Debug|Any CPU.ActiveCfg = Debug|Any CPU
		{825F2A8E-0557-408A-B452-A98FD1DF1205}.Debug|Any CPU.Build.0 = Debug|Any CPU
		{825F2A8E-0557-408A-B452-A98FD1DF1205}.Release|Any CPU.ActiveCfg = Release|Any CPU
		{825F2A8E-0557-408A-B452-A98FD1DF1205}.Release|Any CPU.Build.0 = Release|Any CPU
	EndGlobalSection
	GlobalSection(SolutionProperties) = preSolution
		HideSolutionNode = FALSE
	EndGlobalSection
	GlobalSection(ExtensibilityGlobals) = postSolution
		SolutionGuid = {BBD5AC3D-336F-49B4-9ADC-E4B6462167F6}
	EndGlobalSection
EndGlobal
